{
  "name": "js-slp",
  "version": "1.0.0",
  "lockfileVersion": 1,
  "requires": true,
  "dependencies": {
    "awestruct": {
      "version": "1.1.2",
      "resolved": "https://registry.npmjs.org/awestruct/-/awestruct-1.1.2.tgz",
      "integrity": "sha512-3ujS69UFKrna04Fl4dmRXMzauU9T9AzJOyZKBisZPatueH4+MTdZLF4xkOfNmnDlvm69Ml3pJmSXh9/p8ggtOA==",
      "dev": true,
      "requires": {
        "dlv": "^1.1.0",
        "safe-buffer": "^5.0.1"
      }
    },
    "dlv": {
      "version": "1.1.2",
      "resolved": "https://registry.npmjs.org/dlv/-/dlv-1.1.2.tgz",
      "integrity": "sha512-xxD4VSH67GbRvSGUrckvha94RD7hjgOH7rqGxiytLpkaeMvixOHFZTGFK6EkIm3T761OVHT8ABHmGkq9gXgu6Q==",
      "dev": true
    },
    "genie-dat": {
      "version": "0.3.0",
      "resolved": "https://registry.npmjs.org/genie-dat/-/genie-dat-0.3.0.tgz",
      "integrity": "sha512-ep0iOCCa82nlPKgi00XvQiXjEkWiIxho/1eiI03PueULMgqjzKuly7dEmslCXiQQ5XZKSaw9Y7CcEP0WQsTx4A==",
      "dev": true,
      "requires": {
        "awestruct": "^1.0.0",
        "simple-assign": "^0.1.0"
      }
    },
    "genie-slp": {
      "version": "1.1.0",
      "resolved": "https://registry.npmjs.org/genie-slp/-/genie-slp-1.1.0.tgz",
      "integrity": "sha512-8lxSUXFwa0Nah1casM5zWuaOnU9eKcXt/F/QacoDy1QIzBPcc916MFpNsKgJTBLLSejc7noHxV37LOV/rHEK9A==",
      "dev": true,
      "requires": {
        "awestruct": "^1.0.0"
      }
    },
    "jascpal": {
      "version": "0.1.4",
      "resolved": "https://registry.npmjs.org/jascpal/-/jascpal-0.1.4.tgz",
      "integrity": "sha1-ALFmSlNYMd9D7tdeeSqaPcZHNbQ=",
      "dev": true,
      "requires": {
        "object-assign": "^4.1.0"
      }
    },
    "object-assign": {
      "version": "4.1.1",
      "resolved": "https://registry.npmjs.org/object-assign/-/object-assign-4.1.1.tgz",
      "integrity": "sha1-IQmtx5ZYh8/AXLvUQsrIv7s2CGM=",
      "dev": true
    },
    "papaparse": {
      "version": "4.6.2",
      "resolved": "https://registry.npmjs.org/papaparse/-/papaparse-4.6.2.tgz",
      "integrity": "sha512-P/4p6S6wZyXAjcFPnJAjFn7lxMIkd+23prFELhcbfWswQfg7dG1XJfV8/lKvk5lu5BGSSJZFHSDMejjFcB1feg==",
      "dev": true
    },
    "pngjs": {
      "version": "3.3.3",
      "resolved": "https://registry.npmjs.org/pngjs/-/pngjs-3.3.3.tgz",
      "integrity": "sha512-1n3Z4p3IOxArEs1VRXnZ/RXdfEniAUS9jb68g58FIXMNkPJeZd+Qh4Uq7/e0LVxAQGos1eIUrqrt4FpjdnEd+Q==",
      "dev": true
    },
    "safe-buffer": {
      "version": "5.1.2",
      "resolved": "https://registry.npmjs.org/safe-buffer/-/safe-buffer-5.1.2.tgz",
      "integrity": "sha512-Gd2UZBJDkXlY7GbJxfsE8/nvKkUEU1G38c1siN6QP6a9PT9MmHB8GnpscSmMJSoF8LOIrt8ud/wPtojys4G6+g==",
      "dev": true
    },
    "simple-assign": {
      "version": "0.1.0",
      "resolved": "https://registry.npmjs.org/simple-assign/-/simple-assign-0.1.0.tgz",
      "integrity": "sha1-F/0wZqXz13OPUDIbsPFMooHMS6o=",
      "dev": true
    }
  }
}
